
Microsoft Visual Studio Solution File, Format Version 12.00
# Visual Studio Version 16
VisualStudioVersion = 16.0.31829.152
MinimumVisualStudioVersion = 10.0.40219.1
Project("{FAE04EC0-301F-11D3-BF4B-00C04F79EFBC}") = "Part_1", "Part_1\Part_1.csproj", "{8926B4B7-B839-4E3F-A3F2-F3F2A0BB05C6}"
EndProject
Global
	GlobalSection(SolutionConfigurationPlatforms) = preSolution
		Debug|Any CPU = Debug|Any CPU
		Release|Any CPU = Release|Any CPU
	EndGlobalSection
	GlobalSection(ProjectConfigurationPlatforms) = postSolution
		{8926B4B7-B839-4E3F-A3F2-F3F2A0BB05C6}.Debug|Any CPU.ActiveCfg = Debug|Any CPU
		{8926B4B7-B839-4E3F-A3F2-F3F2A0BB05C6}.Debug|Any CPU.Build.0 = Debug|Any CPU
		{8926B4B7-B839-4E3F-A3F2-F3F2A0BB05C6}.Release|Any CPU.ActiveCfg = Release|Any CPU
		{8926B4B7-B839-4E3F-A3F2-F3F2A0BB05C6}.Release|Any CPU.Build.0 = Release|Any CPU
	EndGlobalSection
	GlobalSection(SolutionProperties) = preSolution
		HideSolutionNode = FALSE
	EndGlobalSection
	GlobalSection(ExtensibilityGlobals) = postSolution
		SolutionGuid = {158B1301-DE13-491A-AC6D-99D6588893A7}
	EndGlobalSection
EndGlobal
