
Microsoft Visual Studio Solution File, Format Version 12.00
# Visual Studio Version 16
VisualStudioVersion = 16.0.31702.278
MinimumVisualStudioVersion = 10.0.40219.1
Project("{FAE04EC0-301F-11D3-BF4B-00C04F79EFBC}") = "Part_2", "Part_2.csproj", "{78CE4295-5CCD-4E13-83CF-84B65EEC4C5E}"
EndProject
Global
	GlobalSection(SolutionConfigurationPlatforms) = preSolution
		Debug|Any CPU = Debug|Any CPU
		Release|Any CPU = Release|Any CPU
	EndGlobalSection
	GlobalSection(ProjectConfigurationPlatforms) = postSolution
		{78CE4295-5CCD-4E13-83CF-84B65EEC4C5E}.Debug|Any CPU.ActiveCfg = Debug|Any CPU
		{78CE4295-5CCD-4E13-83CF-84B65EEC4C5E}.Debug|Any CPU.Build.0 = Debug|Any CPU
		{78CE4295-5CCD-4E13-83CF-84B65EEC4C5E}.Release|Any CPU.ActiveCfg = Release|Any CPU
		{78CE4295-5CCD-4E13-83CF-84B65EEC4C5E}.Release|Any CPU.Build.0 = Release|Any CPU
	EndGlobalSection
	GlobalSection(SolutionProperties) = preSolution
		HideSolutionNode = FALSE
	EndGlobalSection
	GlobalSection(ExtensibilityGlobals) = postSolution
		SolutionGuid = {6A5A894A-6EFE-460F-8ED5-C9DA2F3B5C96}
	EndGlobalSection
EndGlobal
