
Microsoft Visual Studio Solution File, Format Version 12.00
# Visual Studio Version 16
VisualStudioVersion = 16.0.31702.278
MinimumVisualStudioVersion = 10.0.40219.1
Project("{FAE04EC0-301F-11D3-BF4B-00C04F79EFBC}") = "Part_1", "Part_1.csproj", "{A78C0644-A62D-47F4-B57B-435B3BF2AEC7}"
EndProject
Global
	GlobalSection(SolutionConfigurationPlatforms) = preSolution
		Debug|Any CPU = Debug|Any CPU
		Release|Any CPU = Release|Any CPU
	EndGlobalSection
	GlobalSection(ProjectConfigurationPlatforms) = postSolution
		{A78C0644-A62D-47F4-B57B-435B3BF2AEC7}.Debug|Any CPU.ActiveCfg = Debug|Any CPU
		{A78C0644-A62D-47F4-B57B-435B3BF2AEC7}.Debug|Any CPU.Build.0 = Debug|Any CPU
		{A78C0644-A62D-47F4-B57B-435B3BF2AEC7}.Release|Any CPU.ActiveCfg = Release|Any CPU
		{A78C0644-A62D-47F4-B57B-435B3BF2AEC7}.Release|Any CPU.Build.0 = Release|Any CPU
	EndGlobalSection
	GlobalSection(SolutionProperties) = preSolution
		HideSolutionNode = FALSE
	EndGlobalSection
	GlobalSection(ExtensibilityGlobals) = postSolution
		SolutionGuid = {F3610BBF-8256-40BD-9360-8EF40320740E}
	EndGlobalSection
EndGlobal
